
Microsoft Visual Studio Solution File, Format Version 12.00
# Visual Studio 14
VisualStudioVersion = 14.0.25420.1
MinimumVisualStudioVersion = 10.0.40219.1
Project("{FAE04EC0-301F-11D3-BF4B-00C04F79EFBC}") = "backend", "backend\backend.csproj", "{F793A24A-E286-48D7-B5D0-A3975C433A9B}"
EndProject
Project("{FAE04EC0-301F-11D3-BF4B-00C04F79EFBC}") = "backend.Tests", "backend.Tests\backend.Tests.csproj", "{6C06E1B3-0C3E-4C2B-98FF-F39C0AD263B5}"
EndProject
Global
	GlobalSection(SolutionConfigurationPlatforms) = preSolution
		Debug|Any CPU = Debug|Any CPU
		Release|Any CPU = Release|Any CPU
	EndGlobalSection
	GlobalSection(ProjectConfigurationPlatforms) = postSolution
		{F793A24A-E286-48D7-B5D0-A3975C433A9B}.Debug|Any CPU.ActiveCfg = Debug|Any CPU
		{F793A24A-E286-48D7-B5D0-A3975C433A9B}.Debug|Any CPU.Build.0 = Debug|Any CPU
		{F793A24A-E286-48D7-B5D0-A3975C433A9B}.Release|Any CPU.ActiveCfg = Release|Any CPU
		{F793A24A-E286-48D7-B5D0-A3975C433A9B}.Release|Any CPU.Build.0 = Release|Any CPU
		{6C06E1B3-0C3E-4C2B-98FF-F39C0AD263B5}.Debug|Any CPU.ActiveCfg = Debug|Any CPU
		{6C06E1B3-0C3E-4C2B-98FF-F39C0AD263B5}.Debug|Any CPU.Build.0 = Debug|Any CPU
		{6C06E1B3-0C3E-4C2B-98FF-F39C0AD263B5}.Release|Any CPU.ActiveCfg = Release|Any CPU
		{6C06E1B3-0C3E-4C2B-98FF-F39C0AD263B5}.Release|Any CPU.Build.0 = Release|Any CPU
	EndGlobalSection
	GlobalSection(SolutionProperties) = preSolution
		HideSolutionNode = FALSE
	EndGlobalSection
EndGlobal
